
Microsoft Visual Studio Solution File, Format Version 12.00
# Visual Studio 14
VisualStudioVersion = 14.0.24606.1
MinimumVisualStudioVersion = 10.0.40219.1
Project("{FAE04EC0-301F-11D3-BF4B-00C04F79EFBC}") = "OctopusDeployVariableCopy", "OctopusDeployVariableCopy\OctopusDeployVariableCopy.csproj", "{D236D6E5-2679-4A97-B6FA-CB04757BC3A8}"
EndProject
Global
	GlobalSection(SolutionConfigurationPlatforms) = preSolution
		Debug|Any CPU = Debug|Any CPU
		Release|Any CPU = Release|Any CPU
	EndGlobalSection
	GlobalSection(ProjectConfigurationPlatforms) = postSolution
		{D236D6E5-2679-4A97-B6FA-CB04757BC3A8}.Debug|Any CPU.ActiveCfg = Debug|Any CPU
		{D236D6E5-2679-4A97-B6FA-CB04757BC3A8}.Debug|Any CPU.Build.0 = Debug|Any CPU
		{D236D6E5-2679-4A97-B6FA-CB04757BC3A8}.Release|Any CPU.ActiveCfg = Release|Any CPU
		{D236D6E5-2679-4A97-B6FA-CB04757BC3A8}.Release|Any CPU.Build.0 = Release|Any CPU
	EndGlobalSection
	GlobalSection(SolutionProperties) = preSolution
		HideSolutionNode = FALSE
	EndGlobalSection
EndGlobal
